
Microsoft Visual Studio Solution File, Format Version 12.00
# Visual Studio Version 16
VisualStudioVersion = 16.0.29230.61
MinimumVisualStudioVersion = 10.0.40219.1
Project("{FAE04EC0-301F-11D3-BF4B-00C04F79EFBC}") = "App.Web", "App.Web\App.Web.csproj", "{D618DD2D-4BDF-434A-9FF3-4493A05E10E6}"
EndProject
Global
	GlobalSection(SolutionConfigurationPlatforms) = preSolution
		Debug|Any CPU = Debug|Any CPU
		Release|Any CPU = Release|Any CPU
	EndGlobalSection
	GlobalSection(ProjectConfigurationPlatforms) = postSolution
		{D618DD2D-4BDF-434A-9FF3-4493A05E10E6}.Debug|Any CPU.ActiveCfg = Debug|Any CPU
		{D618DD2D-4BDF-434A-9FF3-4493A05E10E6}.Debug|Any CPU.Build.0 = Debug|Any CPU
		{D618DD2D-4BDF-434A-9FF3-4493A05E10E6}.Release|Any CPU.ActiveCfg = Release|Any CPU
		{D618DD2D-4BDF-434A-9FF3-4493A05E10E6}.Release|Any CPU.Build.0 = Release|Any CPU
	EndGlobalSection
	GlobalSection(SolutionProperties) = preSolution
		HideSolutionNode = FALSE
	EndGlobalSection
	GlobalSection(ExtensibilityGlobals) = postSolution
		SolutionGuid = {F655FF98-BEB8-4908-8370-62477C43A1A9}
	EndGlobalSection
EndGlobal
